
Microsoft Visual Studio Solution File, Format Version 12.00
# Visual Studio Version 17
VisualStudioVersion = 17.5.33424.131
MinimumVisualStudioVersion = 10.0.40219.1
Project("{FAE04EC0-301F-11D3-BF4B-00C04F79EFBC}") = "Producer", "Producer\Producer.csproj", "{8EA3ECF8-A872-4880-B63C-51C41380FA7C}"
EndProject
Project("{FAE04EC0-301F-11D3-BF4B-00C04F79EFBC}") = "Consumer", "Consumer\Consumer.csproj", "{4923C2CE-4FE6-4ADC-8058-7305CBDAF043}"
EndProject
Global
	GlobalSection(SolutionConfigurationPlatforms) = preSolution
		Debug|Any CPU = Debug|Any CPU
		Release|Any CPU = Release|Any CPU
	EndGlobalSection
	GlobalSection(ProjectConfigurationPlatforms) = postSolution
		{8EA3ECF8-A872-4880-B63C-51C41380FA7C}.Debug|Any CPU.ActiveCfg = Debug|Any CPU
		{8EA3ECF8-A872-4880-B63C-51C41380FA7C}.Debug|Any CPU.Build.0 = Debug|Any CPU
		{8EA3ECF8-A872-4880-B63C-51C41380FA7C}.Release|Any CPU.ActiveCfg = Release|Any CPU
		{8EA3ECF8-A872-4880-B63C-51C41380FA7C}.Release|Any CPU.Build.0 = Release|Any CPU
		{4923C2CE-4FE6-4ADC-8058-7305CBDAF043}.Debug|Any CPU.ActiveCfg = Debug|Any CPU
		{4923C2CE-4FE6-4ADC-8058-7305CBDAF043}.Debug|Any CPU.Build.0 = Debug|Any CPU
		{4923C2CE-4FE6-4ADC-8058-7305CBDAF043}.Release|Any CPU.ActiveCfg = Release|Any CPU
		{4923C2CE-4FE6-4ADC-8058-7305CBDAF043}.Release|Any CPU.Build.0 = Release|Any CPU
	EndGlobalSection
	GlobalSection(SolutionProperties) = preSolution
		HideSolutionNode = FALSE
	EndGlobalSection
	GlobalSection(ExtensibilityGlobals) = postSolution
		SolutionGuid = {49C11015-7217-4445-B91F-293C81BCECCA}
	EndGlobalSection
EndGlobal
